// !$*UTF8*$!
{
	archiveVersion = 1;
	classes = {
	};
	objectVersion = 46;
	objects = {

/* Begin PBXBuildFile section */
		1525288B1E7494FC00662FF4 /* CollectionViewCell.swift in Sources */ = {isa = PBXBuildFile; fileRef = 1525288A1E7494FC00662FF4 /* CollectionViewCell.swift */; };
		1525288D1E74951600662FF4 /* SecondVC.swift in Sources */ = {isa = PBXBuildFile; fileRef = 1525288C1E74951600662FF4 /* SecondVC.swift */; };
		154381671E70BB36005CF298 /* PokeAnnotation.swift in Sources */ = {isa = PBXBuildFile; fileRef = 154381661E70BB36005CF298 /* PokeAnnotation.swift */; };
		15ADA2F01E704CF200A98F9D /* AppDelegate.swift in Sources */ = {isa = PBXBuildFile; fileRef = 15ADA2EF1E704CF200A98F9D /* AppDelegate.swift */; };
		15ADA2F21E704CF200A98F9D /* ViewController.swift in Sources */ = {isa = PBXBuildFile; fileRef = 15ADA2F11E704CF200A98F9D /* ViewController.swift */; };
		15ADA2F51E704CF200A98F9D /* Main.storyboard in Resources */ = {isa = PBXBuildFile; fileRef = 15ADA2F31E704CF200A98F9D /* Main.storyboard */; };
		15ADA2F71E704CF200A98F9D /* Assets.xcassets in Resources */ = {isa = PBXBuildFile; fileRef = 15ADA2F61E704CF200A98F9D /* Assets.xcassets */; };
		15ADA2FA1E704CF200A98F9D /* LaunchScreen.storyboard in Resources */ = {isa = PBXBuildFile; fileRef = 15ADA2F81E704CF200A98F9D /* LaunchScreen.storyboard */; };
		15ADA3021E706A2E00A98F9D /* GoogleService-Info.plist in Resources */ = {isa = PBXBuildFile; fileRef = 15ADA3011E706A2E00A98F9D /* GoogleService-Info.plist */; };
		712384EB3E55AF5577085A7C /* Pods_PokeFinder.framework in Frameworks */ = {isa = PBXBuildFile; fileRef = A6BF9B5857B8EEA62C9772F5 /* Pods_PokeFinder.framework */; };
/* End PBXBuildFile section */

/* Begin PBXFileReference section */
		1525288A1E7494FC00662FF4 /* CollectionViewCell.swift */ = {isa = PBXFileReference; fileEncoding = 4; lastKnownFileType = sourcecode.swift; path = CollectionViewCell.swift; sourceTree = "<group>"; };
		1525288C1E74951600662FF4 /* SecondVC.swift */ = {isa = PBXFileReference; fileEncoding = 4; lastKnownFileType = sourcecode.swift; path = SecondVC.swift; sourceTree = "<group>"; };
		154381661E70BB36005CF298 /* PokeAnnotation.swift */ = {isa = PBXFileReference; fileEncoding = 4; lastKnownFileType = sourcecode.swift; path = PokeAnnotation.swift; sourceTree = "<group>"; };
		15ADA2EC1E704CF200A98F9D /* PokeFinder.app */ = {isa = PBXFileReference; explicitFileType = wrapper.application; includeInIndex = 0; path = PokeFinder.app; sourceTree = BUILT_PRODUCTS_DIR; };
		15ADA2EF1E704CF200A98F9D /* AppDelegate.swift */ = {isa = PBXFileReference; lastKnownFileType = sourcecode.swift; path = AppDelegate.swift; sourceTree = "<group>"; };
		15ADA2F11E704CF200A98F9D /* ViewController.swift */ = {isa = PBXFileReference; lastKnownFileType = sourcecode.swift; path = ViewController.swift; sourceTree = "<group>"; };
		15ADA2F41E704CF200A98F9D /* Base */ = {isa = PBXFileReference; lastKnownFileType = file.storyboard; name = Base; path = Base.lproj/Main.storyboard; sourceTree = "<group>"; };
		15ADA2F61E704CF200A98F9D /* Assets.xcassets */ = {isa = PBXFileReference; lastKnownFileType = folder.assetcatalog; path = Assets.xcassets; sourceTree = "<group>"; };
		15ADA2F91E704CF200A98F9D /* Base */ = {isa = PBXFileReference; lastKnownFileType = file.storyboard; name = Base; path = Base.lproj/LaunchScreen.storyboard; sourceTree = "<group>"; };
		15ADA2FB1E704CF200A98F9D /* Info.plist */ = {isa = PBXFileReference; lastKnownFileType = text.plist.xml; path = Info.plist; sourceTree = "<group>"; };
		15ADA3011E706A2E00A98F9D /* GoogleService-Info.plist */ = {isa = PBXFileReference; fileEncoding = 4; lastKnownFileType = text.plist.xml; path = "GoogleService-Info.plist"; sourceTree = "<group>"; };
		2CA0158358E0207C0E216335 /* Pods-PokeFinder.release.xcconfig */ = {isa = PBXFileReference; includeInIndex = 1; lastKnownFileType = text.xcconfig; name = "Pods-PokeFinder.release.xcconfig"; path = "Pods/Target Support Files/Pods-PokeFinder/Pods-PokeFinder.release.xcconfig"; sourceTree = "<group>"; };
		7945267D44A707B072D0FDB5 /* Pods-PokeFinder.debug.xcconfig */ = {isa = PBXFileReference; includeInIndex = 1; lastKnownFileType = text.xcconfig; name = "Pods-PokeFinder.debug.xcconfig"; path = "Pods/Target Support Files/Pods-PokeFinder/Pods-PokeFinder.debug.xcconfig"; sourceTree = "<group>"; };
		A6BF9B5857B8EEA62C9772F5 /* Pods_PokeFinder.framework */ = {isa = PBXFileReference; explicitFileType = wrapper.framework; includeInIndex = 0; path = Pods_PokeFinder.framework; sourceTree = BUILT_PRODUCTS_DIR; };
/* End PBXFileReference section */

/* Begin PBXFrameworksBuildPhase section */
		15ADA2E91E704CF200A98F9D /* Frameworks */ = {
			isa = PBXFrameworksBuildPhase;
			buildActionMask = 2147483647;
			files = (
				712384EB3E55AF5577085A7C /* Pods_PokeFinder.framework in Frameworks */,
			);
			runOnlyForDeploymentPostprocessing = 0;
		};
/* End PBXFrameworksBuildPhase section */

/* Begin PBXGroup section */
		154081CF1E75844F0036B30E /* Controller */ = {
			isa = PBXGroup;
			children = (
				15ADA2F11E704CF200A98F9D /* ViewController.swift */,
				1525288C1E74951600662FF4 /* SecondVC.swift */,
			);
			name = Controller;
			sourceTree = "<group>";
		};
		154081D01E7584560036B30E /* View */ = {
			isa = PBXGroup;
			children = (
				1525288A1E7494FC00662FF4 /* CollectionViewCell.swift */,
			);
			name = View;
			sourceTree = "<group>";
		};
		154081D11E75845C0036B30E /* Model */ = {
			isa = PBXGroup;
			children = (
				154381661E70BB36005CF298 /* PokeAnnotation.swift */,
				15ADA2EF1E704CF200A98F9D /* AppDelegate.swift */,
			);
			name = Model;
			sourceTree = "<group>";
		};
		15ADA2E31E704CF200A98F9D = {
			isa = PBXGroup;
			children = (
				15ADA2EE1E704CF200A98F9D /* PokeFinder */,
				15ADA2ED1E704CF200A98F9D /* Products */,
				D3355823FDA7B2CCF2AB616C /* Pods */,
				DB4080F36A08660D6A615B78 /* Frameworks */,
			);
			sourceTree = "<group>";
		};
		15ADA2ED1E704CF200A98F9D /* Products */ = {
			isa = PBXGroup;
			children = (
				15ADA2EC1E704CF200A98F9D /* PokeFinder.app */,
			);
			name = Products;
			sourceTree = "<group>";
		};
		15ADA2EE1E704CF200A98F9D /* PokeFinder */ = {
			isa = PBXGroup;
			children = (
				154081D11E75845C0036B30E /* Model */,
				154081D01E7584560036B30E /* View */,
				154081CF1E75844F0036B30E /* Controller */,
				15ADA2F31E704CF200A98F9D /* Main.storyboard */,
				15ADA2F81E704CF200A98F9D /* LaunchScreen.storyboard */,
				15ADA2FB1E704CF200A98F9D /* Info.plist */,
				15ADA3011E706A2E00A98F9D /* GoogleService-Info.plist */,
				15ADA2F61E704CF200A98F9D /* Assets.xcassets */,
			);
			path = PokeFinder;
			sourceTree = "<group>";
		};
		D3355823FDA7B2CCF2AB616C /* Pods */ = {
			isa = PBXGroup;
			children = (
				7945267D44A707B072D0FDB5 /* Pods-PokeFinder.debug.xcconfig */,
				2CA0158358E0207C0E216335 /* Pods-PokeFinder.release.xcconfig */,
			);
			name = Pods;
			sourceTree = "<group>";
		};
		DB4080F36A08660D6A615B78 /* Frameworks */ = {
			isa = PBXGroup;
			children = (
				A6BF9B5857B8EEA62C9772F5 /* Pods_PokeFinder.framework */,
			);
			name = Frameworks;
			sourceTree = "<group>";
		};
/* End PBXGroup section */

/* Begin PBXNativeTarget section */
		15ADA2EB1E704CF200A98F9D /* PokeFinder */ = {
			isa = PBXNativeTarget;
			buildConfigurationList = 15ADA2FE1E704CF200A98F9D /* Build configuration list for PBXNativeTarget "PokeFinder" */;
			buildPhases = (
				5D5D1F539D18EDBAAA8BDADC /* [CP] Check Pods Manifest.lock */,
				15ADA2E81E704CF200A98F9D /* Sources */,
				15ADA2E91E704CF200A98F9D /* Frameworks */,
				15ADA2EA1E704CF200A98F9D /* Resources */,
				E96BD5F9799F2AAFF6E311E9 /* [CP] Embed Pods Frameworks */,
				7AA9F20E814DA898F3B9BB83 /* [CP] Copy Pods Resources */,
			);
			buildRules = (
			);
			dependencies = (
			);
			name = PokeFinder;
			productName = PokeFinder;
			productReference = 15ADA2EC1E704CF200A98F9D /* PokeFinder.app */;
			productType = "com.apple.product-type.application";
		};
/* End PBXNativeTarget section */

/* Begin PBXProject section */
		15ADA2E41E704CF200A98F9D /* Project object */ = {
			isa = PBXProject;
			attributes = {
				LastSwiftUpdateCheck = 0820;
				LastUpgradeCheck = 0820;
				ORGANIZATIONNAME = Lazar;
				TargetAttributes = {
					15ADA2EB1E704CF200A98F9D = {
						CreatedOnToolsVersion = 8.2.1;
						DevelopmentTeam = 6SG44G76PT;
						ProvisioningStyle = Automatic;
					};
				};
			};
			buildConfigurationList = 15ADA2E71E704CF200A98F9D /* Build configuration list for PBXProject "PokeFinder" */;
			compatibilityVersion = "Xcode 3.2";
			developmentRegion = English;
			hasScannedForEncodings = 0;
			knownRegions = (
				en,
				Base,
			);
			mainGroup = 15ADA2E31E704CF200A98F9D;
			productRefGroup = 15ADA2ED1E704CF200A98F9D /* Products */;
			projectDirPath = "";
			projectRoot = "";
			targets = (
				15ADA2EB1E704CF200A98F9D /* PokeFinder */,
			);
		};
/* End PBXProject section */

/* Begin PBXResourcesBuildPhase section */
		15ADA2EA1E704CF200A98F9D /* Resources */ = {
			isa = PBXResourcesBuildPhase;
			buildActionMask = 2147483647;
			files = (
				15ADA2FA1E704CF200A98F9D /* LaunchScreen.storyboard in Resources */,
				15ADA3021E706A2E00A98F9D /* GoogleService-Info.plist in Resources */,
				15ADA2F71E704CF200A98F9D /* Assets.xcassets in Resources */,
				15ADA2F51E704CF200A98F9D /* Main.storyboard in Resources */,
			);
			runOnlyForDeploymentPostprocessing = 0;
		};
/* End PBXResourcesBuildPhase section */

/* Begin PBXShellScriptBuildPhase section */
		5D5D1F539D18EDBAAA8BDADC /* [CP] Check Pods Manifest.lock */ = {
			isa = PBXShellScriptBuildPhase;
			buildActionMask = 2147483647;
			files = (
			);
			inputPaths = (
			);
			name = "[CP] Check Pods Manifest.lock";
			outputPaths = (
			);
			runOnlyForDeploymentPostprocessing = 0;
			shellPath = /bin/sh;
			shellScript = "diff \"${PODS_ROOT}/../Podfile.lock\" \"${PODS_ROOT}/Manifest.lock\" > /dev/null\nif [ $? != 0 ] ; then\n    # print error to STDERR\n    echo \"error: The sandbox is not in sync with the Podfile.lock. Run 'pod install' or update your CocoaPods installation.\" >&2\n    exit 1\nfi\n";
			showEnvVarsInLog = 0;
		};
		7AA9F20E814DA898F3B9BB83 /* [CP] Copy Pods Resources */ = {
			isa = PBXShellScriptBuildPhase;
			buildActionMask = 2147483647;
			files = (
			);
			inputPaths = (
			);
			name = "[CP] Copy Pods Resources";
			outputPaths = (
			);
			runOnlyForDeploymentPostprocessing = 0;
			shellPath = /bin/sh;
			shellScript = "\"${SRCROOT}/Pods/Target Support Files/Pods-PokeFinder/Pods-PokeFinder-resources.sh\"\n";
			showEnvVarsInLog = 0;
		};
		E96BD5F9799F2AAFF6E311E9 /* [CP] Embed Pods Frameworks */ = {
			isa = PBXShellScriptBuildPhase;
			buildActionMask = 2147483647;
			files = (
			);
			inputPaths = (
			);
			name = "[CP] Embed Pods Frameworks";
			outputPaths = (
			);
			runOnlyForDeploymentPostprocessing = 0;
			shellPath = /bin/sh;
			shellScript = "\"${SRCROOT}/Pods/Target Support Files/Pods-PokeFinder/Pods-PokeFinder-frameworks.sh\"\n";
			showEnvVarsInLog = 0;
		};
/* End PBXShellScriptBuildPhase section */

/* Begin PBXSourcesBuildPhase section */
		15ADA2E81E704CF200A98F9D /* Sources */ = {
			isa = PBXSourcesBuildPhase;
			buildActionMask = 2147483647;
			files = (
				15ADA2F21E704CF200A98F9D /* ViewController.swift in Sources */,
				1525288D1E74951600662FF4 /* SecondVC.swift in Sources */,
				154381671E70BB36005CF298 /* PokeAnnotation.swift in Sources */,
				1525288B1E7494FC00662FF4 /* CollectionViewCell.swift in Sources */,
				15ADA2F01E704CF200A98F9D /* AppDelegate.swift in Sources */,
			);
			runOnlyForDeploymentPostprocessing = 0;
		};
/* End PBXSourcesBuildPhase section */

/* Begin PBXVariantGroup section */
		15ADA2F31E704CF200A98F9D /* Main.storyboard */ = {
			isa = PBXVariantGroup;
			children = (
				15ADA2F41E704CF200A98F9D /* Base */,
			);
			name = Main.storyboard;
			sourceTree = "<group>";
		};
		15ADA2F81E704CF200A98F9D /* LaunchScreen.storyboard */ = {
			isa = PBXVariantGroup;
			children = (
				15ADA2F91E704CF200A98F9D /* Base */,
			);
			name = LaunchScreen.storyboard;
			sourceTree = "<group>";
		};
/* End PBXVariantGroup section */

/* Begin XCBuildConfiguration section */
		15ADA2FC1E704CF200A98F9D /* Debug */ = {
			isa = XCBuildConfiguration;
			buildSettings = {
				ALWAYS_SEARCH_USER_PATHS = NO;
				CLANG_ANALYZER_NONNULL = YES;
				CLANG_CXX_LANGUAGE_STANDARD = "gnu++0x";
				CLANG_CXX_LIBRARY = "libc++";
				CLANG_ENABLE_MODULES = YES;
				CLANG_ENABLE_OBJC_ARC = YES;
				CLANG_WARN_BOOL_CONVERSION = YES;
				CLANG_WARN_CONSTANT_CONVERSION = YES;
				CLANG_WARN_DIRECT_OBJC_ISA_USAGE = YES_ERROR;
				CLANG_WARN_DOCUMENTATION_COMMENTS = YES;
				CLANG_WARN_EMPTY_BODY = YES;
				CLANG_WARN_ENUM_CONVERSION = YES;
				CLANG_WARN_INFINITE_RECURSION = YES;
				CLANG_WARN_INT_CONVERSION = YES;
				CLANG_WARN_OBJC_ROOT_CLASS = YES_ERROR;
				CLANG_WARN_SUSPICIOUS_MOVE = YES;
				CLANG_WARN_UNREACHABLE_CODE = YES;
				CLANG_WARN__DUPLICATE_METHOD_MATCH = YES;
				"CODE_SIGN_IDENTITY[sdk=iphoneos*]" = "iPhone Developer";
				COPY_PHASE_STRIP = NO;
				DEBUG_INFORMATION_FORMAT = dwarf;
				ENABLE_STRICT_OBJC_MSGSEND = YES;
				ENABLE_TESTABILITY = YES;
				GCC_C_LANGUAGE_STANDARD = gnu99;
				GCC_DYNAMIC_NO_PIC = NO;
				GCC_NO_COMMON_BLOCKS = YES;
				GCC_OPTIMIZATION_LEVEL = 0;
				GCC_PREPROCESSOR_DEFINITIONS = (
					"DEBUG=1",
					"$(inherited)",
				);
				GCC_WARN_64_TO_32_BIT_CONVERSION = YES;
				GCC_WARN_ABOUT_RETURN_TYPE = YES_ERROR;
				GCC_WARN_UNDECLARED_SELECTOR = YES;
				GCC_WARN_UNINITIALIZED_AUTOS = YES_AGGRESSIVE;
				GCC_WARN_UNUSED_FUNCTION = YES;
				GCC_WARN_UNUSED_VARIABLE = YES;
				IPHONEOS_DEPLOYMENT_TARGET = 10.2;
				MTL_ENABLE_DEBUG_INFO = YES;
				ONLY_ACTIVE_ARCH = YES;
				SDKROOT = iphoneos;
				SWIFT_ACTIVE_COMPILATION_CONDITIONS = DEBUG;
				SWIFT_OPTIMIZATION_LEVEL = "-Onone";
			};
			name = Debug;
		};
		15ADA2FD1E704CF200A98F9D /* Release */ = {
			isa = XCBuildConfiguration;
			buildSettings = {
				ALWAYS_SEARCH_USER_PATHS = NO;
				CLANG_ANALYZER_NONNULL = YES;
				CLANG_CXX_LANGUAGE_STANDARD = "gnu++0x";
				CLANG_CXX_LIBRARY = "libc++";
				CLANG_ENABLE_MODULES = YES;
				CLANG_ENABLE_OBJC_ARC = YES;
				CLANG_WARN_BOOL_CONVERSION = YES;
				CLANG_WARN_CONSTANT_CONVERSION = YES;
				CLANG_WARN_DIRECT_OBJC_ISA_USAGE = YES_ERROR;
				CLANG_WARN_DOCUMENTATION_COMMENTS = YES;
				CLANG_WARN_EMPTY_BODY = YES;
				CLANG_WARN_ENUM_CONVERSION = YES;
				CLANG_WARN_INFINITE_RECURSION = YES;
				CLANG_WARN_INT_CONVERSION = YES;
				CLANG_WARN_OBJC_ROOT_CLASS = YES_ERROR;
				CLANG_WARN_SUSPICIOUS_MOVE = YES;
				CLANG_WARN_UNREACHABLE_CODE = YES;
				CLANG_WARN__DUPLICATE_METHOD_MATCH = YES;
				"CODE_SIGN_IDENTITY[sdk=iphoneos*]" = "iPhone Developer";
				COPY_PHASE_STRIP = NO;
				DEBUG_INFORMATION_FORMAT = "dwarf-with-dsym";
				ENABLE_NS_ASSERTIONS = NO;
				ENABLE_STRICT_OBJC_MSGSEND = YES;
				GCC_C_LANGUAGE_STANDARD = gnu99;
				GCC_NO_COMMON_BLOCKS = YES;
				GCC_WARN_64_TO_32_BIT_CONVERSION = YES;
				GCC_WARN_ABOUT_RETURN_TYPE = YES_ERROR;
				GCC_WARN_UNDECLARED_SELECTOR = YES;
				GCC_WARN_UNINITIALIZED_AUTOS = YES_AGGRESSIVE;
				GCC_WARN_UNUSED_FUNCTION = YES;
				GCC_WARN_UNUSED_VARIABLE = YES;
				IPHONEOS_DEPLOYMENT_TARGET = 10.2;
				MTL_ENABLE_DEBUG_INFO = NO;
				SDKROOT = iphoneos;
				SWIFT_OPTIMIZATION_LEVEL = "-Owholemodule";
				VALIDATE_PRODUCT = YES;
			};
			name = Release;
		};
		15ADA2FF1E704CF200A98F9D /* Debug */ = {
			isa = XCBuildConfiguration;
			baseConfigurationReference = 7945267D44A707B072D0FDB5 /* Pods-PokeFinder.debug.xcconfig */;
			buildSettings = {
				ASSETCATALOG_COMPILER_APPICON_NAME = AppIcon;
				DEVELOPMENT_TEAM = 6SG44G76PT;
				INFOPLIST_FILE = PokeFinder/Info.plist;
				LD_RUNPATH_SEARCH_PATHS = "$(inherited) @executable_path/Frameworks";
				PRODUCT_BUNDLE_IDENTIFIER = com.lazarvlaovicj.PokeFinder;
				PRODUCT_NAME = "$(TARGET_NAME)";
				SWIFT_VERSION = 3.0;
			};
			name = Debug;
		};
		15ADA3001E704CF200A98F9D /* Release */ = {
			isa = XCBuildConfiguration;
			baseConfigurationReference = 2CA0158358E0207C0E216335 /* Pods-PokeFinder.release.xcconfig */;
			buildSettings = {
				ASSETCATALOG_COMPILER_APPICON_NAME = AppIcon;
				DEVELOPMENT_TEAM = 6SG44G76PT;
				INFOPLIST_FILE = PokeFinder/Info.plist;
				LD_RUNPATH_SEARCH_PATHS = "$(inherited) @executable_path/Frameworks";
				PRODUCT_BUNDLE_IDENTIFIER = com.lazarvlaovicj.PokeFinder;
				PRODUCT_NAME = "$(TARGET_NAME)";
				SWIFT_VERSION = 3.0;
			};
			name = Release;
		};
/* End XCBuildConfiguration section */

/* Begin XCConfigurationList section */
		15ADA2E71E704CF200A98F9D /* Build configuration list for PBXProject "PokeFinder" */ = {
			isa = XCConfigurationList;
			buildConfigurations = (
				15ADA2FC1E704CF200A98F9D /* Debug */,
				15ADA2FD1E704CF200A98F9D /* Release */,
			);
			defaultConfigurationIsVisible = 0;
			defaultConfigurationName = Release;
		};
		15ADA2FE1E704CF200A98F9D /* Build configuration list for PBXNativeTarget "PokeFinder" */ = {
			isa = XCConfigurationList;
			buildConfigurations = (
				15ADA2FF1E704CF200A98F9D /* Debug */,
				15ADA3001E704CF200A98F9D /* Release */,
			);
			defaultConfigurationIsVisible = 0;
			defaultConfigurationName = Release;
		};
/* End XCConfigurationList section */
	};
	rootObject = 15ADA2E41E704CF200A98F9D /* Project object */;
}
